<?xml version="1.0" encoding="utf-8"?>
<Project ToolsVersion="4.0" xmlns="http://schemas.microsoft.com/developer/msbuild/2003">
  <ItemGroup>
    <Filter Include="Source Files">
      <UniqueIdentifier>{4FC737F1-C7A5-4376-A066-2A32D752A2FF}</UniqueIdentifier>
      <Extensions>cpp;c;cc;cxx;def;odl;idl;hpj;bat;asm;asmx</Extensions>
    </Filter>
    <Filter Include="Header Files">
      <UniqueIdentifier>{93995380-89BD-4b04-88EB-625FBE52EBFB}</UniqueIdentifier>
      <Extensions>h;hpp;hxx;hm;inl;inc;xsd</Extensions>
    </Filter>
    <Filter Include="Resource Files">
      <UniqueIdentifier>{67DA6AB6-F800-4c08-8B7A-83BB121AAD01}</UniqueIdentifier>
      <Extensions>rc;ico;cur;bmp;dlg;rc2;rct;bin;rgs;gif;jpg;jpeg;jpe;resx;tiff;tif;png;wav;mfcribbon-ms</Extensions>
    </Filter>
    <Filter Include="FX">
      <UniqueIdentifier>{29c93b7f-16d5-4d6d-b682-f9268d9335df}</UniqueIdentifier>
    </Filter>
    <Filter Include="data">
      <UniqueIdentifier>{6f04bc3f-e2c6-4834-af3c-405da5197aca}</UniqueIdentifier>
    </Filter>
    <Filter Include="Audio">
      <UniqueIdentifier>{1fea571c-434b-4010-86cd-cbf54b049377}</UniqueIdentifier>
    </Filter>
  </ItemGroup>
  <ItemGroup>
    <ClCompile Include="D3D.cpp">
      <Filter>Source Files</Filter>
    </ClCompile>
    <ClCompile Include="main.cpp">
      <Filter>Source Files</Filter>
    </ClCompile>
    <ClCompile Include="WindowUtils.cpp">
      <Filter>Source Files</Filter>
    </ClCompile>
    <ClCompile Include="D3DUtil.cpp">
      <Filter>Source Files</Filter>
    </ClCompile>
    <ClCompile Include="FX.cpp">
      <Filter>Source Files</Filter>
    </ClCompile>
    <ClCompile Include="ShaderTypes.cpp">
      <Filter>Source Files</Filter>
    </ClCompile>
    <ClCompile Include="Game.cpp">
      <Filter>Source Files</Filter>
    </ClCompile>
    <ClCompile Include="Mesh.cpp">
      <Filter>Source Files</Filter>
    </ClCompile>
    <ClCompile Include="Model.cpp">
      <Filter>Source Files</Filter>
    </ClCompile>
    <ClCompile Include="GeometryBuilder.cpp">
      <Filter>Source Files</Filter>
    </ClCompile>
    <ClCompile Include="Input.cpp">
      <Filter>Source Files</Filter>
    </ClCompile>
    <ClCompile Include="AudioMgr.cpp">
      <Filter>Audio</Filter>
    </ClCompile>
    <ClCompile Include="AudioMgrFMOD.cpp">
      <Filter>Audio</Filter>
    </ClCompile>
    <ClCompile Include="UtilsDefines.cpp">
      <Filter>Source Files</Filter>
    </ClCompile>
    <ClCompile Include="Error.cpp">
      <Filter>Source Files</Filter>
    </ClCompile>
    <ClCompile Include="File.cpp">
      <Filter>Source Files</Filter>
    </ClCompile>
  </ItemGroup>
  <ItemGroup>
    <ClInclude Include="D3D.h">
      <Filter>Header Files</Filter>
    </ClInclude>
    <ClInclude Include="WindowUtils.h">
      <Filter>Header Files</Filter>
    </ClInclude>
    <ClInclude Include="D3DUtil.h">
      <Filter>Header Files</Filter>
    </ClInclude>
    <ClInclude Include="FX.h">
      <Filter>Header Files</Filter>
    </ClInclude>
    <ClInclude Include="ShaderTypes.h">
      <Filter>Header Files</Filter>
    </ClInclude>
    <ClInclude Include="Game.h">
      <Filter>Header Files</Filter>
    </ClInclude>
    <ClInclude Include="Mesh.h">
      <Filter>Header Files</Filter>
    </ClInclude>
    <ClInclude Include="Model.h">
      <Filter>Header Files</Filter>
    </ClInclude>
    <ClInclude Include="GeometryBuilder.h">
      <Filter>Header Files</Filter>
    </ClInclude>
    <ClInclude Include="Input.h">
      <Filter>Header Files</Filter>
    </ClInclude>
    <ClInclude Include="AudioMgr.h">
      <Filter>Audio</Filter>
    </ClInclude>
    <ClInclude Include="AudioMgrFMOD.h">
      <Filter>Audio</Filter>
    </ClInclude>
    <ClInclude Include="UtilsDefines.h">
      <Filter>Header Files</Filter>
    </ClInclude>
    <ClInclude Include="Error.h">
      <Filter>Header Files</Filter>
    </ClInclude>
    <ClInclude Include="Singleton.h">
      <Filter>Header Files</Filter>
    </ClInclude>
    <ClInclude Include="File.h">
      <Filter>Header Files</Filter>
    </ClInclude>
  </ItemGroup>
  <ItemGroup>
    <FxCompile Include="..\FX\LightHelper.hlsl">
      <Filter>FX</Filter>
    </FxCompile>
    <FxCompile Include="..\FX\Constants.hlsl">
      <Filter>FX</Filter>
    </FxCompile>
    <FxCompile Include="..\FX\TextureVS.hlsl">
      <Filter>FX</Filter>
    </FxCompile>
    <FxCompile Include="..\FX\PSCore.hlsl">
      <Filter>FX</Filter>
    </FxCompile>
    <FxCompile Include="..\FX\PSUnlitNoTex.hlsl">
      <Filter>FX</Filter>
    </FxCompile>
    <FxCompile Include="..\FX\PSLitNoTex.hlsl">
      <Filter>FX</Filter>
    </FxCompile>
    <FxCompile Include="..\FX\PSLitTex.hlsl">
      <Filter>FX</Filter>
    </FxCompile>
    <FxCompile Include="..\FX\PSUnlitTex.hlsl">
      <Filter>FX</Filter>
    </FxCompile>
  </ItemGroup>
</Project>